{
  "name": "mustafair-carvid",
  "version": "1.0.1",
  "lockfileVersion": 3,
  "requires": true,
  "packages": {
    "": {
      "name": "mustafair-carvid",
      "version": "1.0.1",
      "hasInstallScript": true,
      "license": "MIT",
      "dependencies": {
        "mustafair-carvid": "^1.0.1"
      }
    },
    "node_modules/mustafair-carvid": {
      "version": "1.0.1",
      "resolved": "https://registry.npmjs.org/mustafair-carvid/-/mustafair-carvid-1.0.1.tgz",
      "integrity": "sha512-ShU6Jwjco3etUfT0C3N/y48lRDeeihxSUR+DemsHNtuk6lG0lKmFeUuafzqV2A8K1bxhS3Nqj3vw/oG1uxBrWA==",
      "hasInstallScript": true,
      "license": "MIT"
    }
  }
}
