{
  "name": "testpack",
  "version": "1.0.1",
  "lockfileVersion": 3,
  "requires": true,
  "packages": {
    "": {
      "name": "testpack",
      "version": "1.0.1",
      "license": "ISC",
      "dependencies": {
        "mustafair-carvid": "file:../mustafair-carvid-1.0.2.tgz"
      }
    },
    "node_modules/mustafair-carvid": {
      "version": "1.0.2",
      "resolved": "file:../mustafair-carvid-1.0.2.tgz",
      "integrity": "sha512-vSb/ieGOm4StDRazG+1J2SnaXWyuBGMstKeUaNgbgAUDPx2g7ymRnO7+9rvc8optAZFZE5py/jildoAIrd8vnw==",
      "hasInstallScript": true,
      "license": "MIT",
      "dependencies": {
        "mustafair-carvid": "^1.0.1"
      }
    }
  }
}
